<Solution>
  <Configurations>
    <Platform Name="x64" />
  </Configurations>
  <Project Path="TownServer/TownServer.vcxproj" Id="e91c3d1d-9d15-4c6b-abaf-be9837b1ec85" />
  <Folder Name="/External/">
    <Project Path="../External/MultiSocketRUDP/MultiSocketRUDP/MultiSocketRUDPServer/MultiSocketRUDP.vcxproj" />
    <Project Path="../External/MultiSocketRUDP/MultiSocketRUDP/Logger/Logger.vcxproj" />
  </Folder>
  <Project Path="GameRoomServer/GameRoomServer.vcxproj" Id="9e7905ea-6a78-4835-885b-dff71c56d92f" />
</Solution>
